
Microsoft Visual Studio Solution File, Format Version 12.00
# Visual Studio Version 16
VisualStudioVersion = 16.0.29613.14
MinimumVisualStudioVersion = 10.0.40219.1
Project("{FAE04EC0-301F-11D3-BF4B-00C04F79EFBC}") = "APIAssignment", "APIAssignment.csproj", "{FEE3AA71-F65F-4730-A7FA-04A9E1C9F559}"
EndProject
Global
	GlobalSection(SolutionConfigurationPlatforms) = preSolution
		Debug|Any CPU = Debug|Any CPU
		Release|Any CPU = Release|Any CPU
	EndGlobalSection
	GlobalSection(ProjectConfigurationPlatforms) = postSolution
		{FEE3AA71-F65F-4730-A7FA-04A9E1C9F559}.Debug|Any CPU.ActiveCfg = Debug|Any CPU
		{FEE3AA71-F65F-4730-A7FA-04A9E1C9F559}.Debug|Any CPU.Build.0 = Debug|Any CPU
		{FEE3AA71-F65F-4730-A7FA-04A9E1C9F559}.Release|Any CPU.ActiveCfg = Release|Any CPU
		{FEE3AA71-F65F-4730-A7FA-04A9E1C9F559}.Release|Any CPU.Build.0 = Release|Any CPU
	EndGlobalSection
	GlobalSection(SolutionProperties) = preSolution
		HideSolutionNode = FALSE
	EndGlobalSection
	GlobalSection(ExtensibilityGlobals) = postSolution
		SolutionGuid = {06E4F5CB-A1F7-4DA3-951B-459E7C4D78C9}
	EndGlobalSection
EndGlobal
